// !$*UTF8*$!
{
	archiveVersion = 1;
	classes = {
	};
	objectVersion = 56;
	objects = {

/* Begin PBXBuildFile section */
		2EE081032A1514DC00847919 /* firebase_authApp.swift in Sources */ = {isa = PBXBuildFile; fileRef = 2EE081022A1514DC00847919 /* firebase_authApp.swift */; };
		2EE081052A1514DC00847919 /* ContentView.swift in Sources */ = {isa = PBXBuildFile; fileRef = 2EE081042A1514DC00847919 /* ContentView.swift */; };
		2EE081072A1514DD00847919 /* Assets.xcassets in Resources */ = {isa = PBXBuildFile; fileRef = 2EE081062A1514DD00847919 /* Assets.xcassets */; };
		2EE0810A2A1514DD00847919 /* Preview Assets.xcassets in Resources */ = {isa = PBXBuildFile; fileRef = 2EE081092A1514DD00847919 /* Preview Assets.xcassets */; };
		2EE081122A15201B00847919 /* FirebaseAuth in Frameworks */ = {isa = PBXBuildFile; productRef = 2EE081112A15201B00847919 /* FirebaseAuth */; };
		2EE081152A15209F00847919 /* GoogleSignIn in Frameworks */ = {isa = PBXBuildFile; productRef = 2EE081142A15209F00847919 /* GoogleSignIn */; };
		2EE081172A15209F00847919 /* GoogleSignInSwift in Frameworks */ = {isa = PBXBuildFile; productRef = 2EE081162A15209F00847919 /* GoogleSignInSwift */; };
		2EE081192A1524C900847919 /* GoogleService-Info.plist in Resources */ = {isa = PBXBuildFile; fileRef = 2EE081182A1524C900847919 /* GoogleService-Info.plist */; };
		2EE0811E2A152A4600847919 /* AuthenticationViewModel.swift in Sources */ = {isa = PBXBuildFile; fileRef = 2EE0811D2A152A4600847919 /* AuthenticationViewModel.swift */; };
		2EE081202A15330B00847919 /* LoginView.swift in Sources */ = {isa = PBXBuildFile; fileRef = 2EE0811F2A15330B00847919 /* LoginView.swift */; };
		2EE081222A15332500847919 /* GoogleSignInButton.swift in Sources */ = {isa = PBXBuildFile; fileRef = 2EE081212A15332500847919 /* GoogleSignInButton.swift */; };
		2EE081242A1535E700847919 /* HomeView.swift in Sources */ = {isa = PBXBuildFile; fileRef = 2EE081232A1535E700847919 /* HomeView.swift */; };
/* End PBXBuildFile section */

/* Begin PBXFileReference section */
		2EE080FF2A1514DC00847919 /* firebase-auth.app */ = {isa = PBXFileReference; explicitFileType = wrapper.application; includeInIndex = 0; path = "firebase-auth.app"; sourceTree = BUILT_PRODUCTS_DIR; };
		2EE081022A1514DC00847919 /* firebase_authApp.swift */ = {isa = PBXFileReference; lastKnownFileType = sourcecode.swift; path = firebase_authApp.swift; sourceTree = "<group>"; };
		2EE081042A1514DC00847919 /* ContentView.swift */ = {isa = PBXFileReference; lastKnownFileType = sourcecode.swift; path = ContentView.swift; sourceTree = "<group>"; };
		2EE081062A1514DD00847919 /* Assets.xcassets */ = {isa = PBXFileReference; lastKnownFileType = folder.assetcatalog; path = Assets.xcassets; sourceTree = "<group>"; };
		2EE081092A1514DD00847919 /* Preview Assets.xcassets */ = {isa = PBXFileReference; lastKnownFileType = folder.assetcatalog; path = "Preview Assets.xcassets"; sourceTree = "<group>"; };
		2EE081182A1524C900847919 /* GoogleService-Info.plist */ = {isa = PBXFileReference; fileEncoding = 4; lastKnownFileType = text.plist.xml; path = "GoogleService-Info.plist"; sourceTree = "<group>"; };
		2EE0811A2A1529A100847919 /* Info.plist */ = {isa = PBXFileReference; lastKnownFileType = text.plist; path = Info.plist; sourceTree = "<group>"; };
		2EE0811D2A152A4600847919 /* AuthenticationViewModel.swift */ = {isa = PBXFileReference; lastKnownFileType = sourcecode.swift; path = AuthenticationViewModel.swift; sourceTree = "<group>"; };
		2EE0811F2A15330B00847919 /* LoginView.swift */ = {isa = PBXFileReference; lastKnownFileType = sourcecode.swift; path = LoginView.swift; sourceTree = "<group>"; };
		2EE081212A15332500847919 /* GoogleSignInButton.swift */ = {isa = PBXFileReference; lastKnownFileType = sourcecode.swift; path = GoogleSignInButton.swift; sourceTree = "<group>"; };
		2EE081232A1535E700847919 /* HomeView.swift */ = {isa = PBXFileReference; lastKnownFileType = sourcecode.swift; path = HomeView.swift; sourceTree = "<group>"; };
/* End PBXFileReference section */

/* Begin PBXFrameworksBuildPhase section */
		2EE080FC2A1514DC00847919 /* Frameworks */ = {
			isa = PBXFrameworksBuildPhase;
			buildActionMask = 2147483647;
			files = (
				2EE081172A15209F00847919 /* GoogleSignInSwift in Frameworks */,
				2EE081122A15201B00847919 /* FirebaseAuth in Frameworks */,
				2EE081152A15209F00847919 /* GoogleSignIn in Frameworks */,
			);
			runOnlyForDeploymentPostprocessing = 0;
		};
/* End PBXFrameworksBuildPhase section */

/* Begin PBXGroup section */
		2EE080F62A1514DC00847919 = {
			isa = PBXGroup;
			children = (
				2EE081012A1514DC00847919 /* firebase-auth */,
				2EE081002A1514DC00847919 /* Products */,
			);
			sourceTree = "<group>";
		};
		2EE081002A1514DC00847919 /* Products */ = {
			isa = PBXGroup;
			children = (
				2EE080FF2A1514DC00847919 /* firebase-auth.app */,
			);
			name = Products;
			sourceTree = "<group>";
		};
		2EE081012A1514DC00847919 /* firebase-auth */ = {
			isa = PBXGroup;
			children = (
				2EE0811C2A152A0D00847919 /* Views */,
				2EE0811B2A152A0100847919 /* ViewModels */,
				2EE0811A2A1529A100847919 /* Info.plist */,
				2EE081182A1524C900847919 /* GoogleService-Info.plist */,
				2EE081022A1514DC00847919 /* firebase_authApp.swift */,
				2EE081062A1514DD00847919 /* Assets.xcassets */,
				2EE081082A1514DD00847919 /* Preview Content */,
			);
			path = "firebase-auth";
			sourceTree = "<group>";
		};
		2EE081082A1514DD00847919 /* Preview Content */ = {
			isa = PBXGroup;
			children = (
				2EE081092A1514DD00847919 /* Preview Assets.xcassets */,
			);
			path = "Preview Content";
			sourceTree = "<group>";
		};
		2EE0811B2A152A0100847919 /* ViewModels */ = {
			isa = PBXGroup;
			children = (
				2EE0811D2A152A4600847919 /* AuthenticationViewModel.swift */,
			);
			path = ViewModels;
			sourceTree = "<group>";
		};
		2EE0811C2A152A0D00847919 /* Views */ = {
			isa = PBXGroup;
			children = (
				2EE081042A1514DC00847919 /* ContentView.swift */,
				2EE0811F2A15330B00847919 /* LoginView.swift */,
				2EE081212A15332500847919 /* GoogleSignInButton.swift */,
				2EE081232A1535E700847919 /* HomeView.swift */,
			);
			path = Views;
			sourceTree = "<group>";
		};
/* End PBXGroup section */

/* Begin PBXNativeTarget section */
		2EE080FE2A1514DC00847919 /* firebase-auth */ = {
			isa = PBXNativeTarget;
			buildConfigurationList = 2EE0810D2A1514DD00847919 /* Build configuration list for PBXNativeTarget "firebase-auth" */;
			buildPhases = (
				2EE080FB2A1514DC00847919 /* Sources */,
				2EE080FC2A1514DC00847919 /* Frameworks */,
				2EE080FD2A1514DC00847919 /* Resources */,
			);
			buildRules = (
			);
			dependencies = (
			);
			name = "firebase-auth";
			packageProductDependencies = (
				2EE081112A15201B00847919 /* FirebaseAuth */,
				2EE081142A15209F00847919 /* GoogleSignIn */,
				2EE081162A15209F00847919 /* GoogleSignInSwift */,
			);
			productName = "firebase-auth";
			productReference = 2EE080FF2A1514DC00847919 /* firebase-auth.app */;
			productType = "com.apple.product-type.application";
		};
/* End PBXNativeTarget section */

/* Begin PBXProject section */
		2EE080F72A1514DC00847919 /* Project object */ = {
			isa = PBXProject;
			attributes = {
				BuildIndependentTargetsInParallel = 1;
				LastSwiftUpdateCheck = 1430;
				LastUpgradeCheck = 1430;
				TargetAttributes = {
					2EE080FE2A1514DC00847919 = {
						CreatedOnToolsVersion = 14.3;
					};
				};
			};
			buildConfigurationList = 2EE080FA2A1514DC00847919 /* Build configuration list for PBXProject "firebase-auth" */;
			compatibilityVersion = "Xcode 14.0";
			developmentRegion = en;
			hasScannedForEncodings = 0;
			knownRegions = (
				en,
				Base,
			);
			mainGroup = 2EE080F62A1514DC00847919;
			packageReferences = (
				2EE081102A15201B00847919 /* XCRemoteSwiftPackageReference "firebase-ios-sdk" */,
				2EE081132A15209F00847919 /* XCRemoteSwiftPackageReference "GoogleSignIn-iOS" */,
			);
			productRefGroup = 2EE081002A1514DC00847919 /* Products */;
			projectDirPath = "";
			projectRoot = "";
			targets = (
				2EE080FE2A1514DC00847919 /* firebase-auth */,
			);
		};
/* End PBXProject section */

/* Begin PBXResourcesBuildPhase section */
		2EE080FD2A1514DC00847919 /* Resources */ = {
			isa = PBXResourcesBuildPhase;
			buildActionMask = 2147483647;
			files = (
				2EE0810A2A1514DD00847919 /* Preview Assets.xcassets in Resources */,
				2EE081192A1524C900847919 /* GoogleService-Info.plist in Resources */,
				2EE081072A1514DD00847919 /* Assets.xcassets in Resources */,
			);
			runOnlyForDeploymentPostprocessing = 0;
		};
/* End PBXResourcesBuildPhase section */

/* Begin PBXSourcesBuildPhase section */
		2EE080FB2A1514DC00847919 /* Sources */ = {
			isa = PBXSourcesBuildPhase;
			buildActionMask = 2147483647;
			files = (
				2EE0811E2A152A4600847919 /* AuthenticationViewModel.swift in Sources */,
				2EE081052A1514DC00847919 /* ContentView.swift in Sources */,
				2EE081222A15332500847919 /* GoogleSignInButton.swift in Sources */,
				2EE081242A1535E700847919 /* HomeView.swift in Sources */,
				2EE081202A15330B00847919 /* LoginView.swift in Sources */,
				2EE081032A1514DC00847919 /* firebase_authApp.swift in Sources */,
			);
			runOnlyForDeploymentPostprocessing = 0;
		};
/* End PBXSourcesBuildPhase section */

/* Begin XCBuildConfiguration section */
		2EE0810B2A1514DD00847919 /* Debug */ = {
			isa = XCBuildConfiguration;
			buildSettings = {
				ALWAYS_SEARCH_USER_PATHS = NO;
				CLANG_ANALYZER_NONNULL = YES;
				CLANG_ANALYZER_NUMBER_OBJECT_CONVERSION = YES_AGGRESSIVE;
				CLANG_CXX_LANGUAGE_STANDARD = "gnu++20";
				CLANG_ENABLE_MODULES = YES;
				CLANG_ENABLE_OBJC_ARC = YES;
				CLANG_ENABLE_OBJC_WEAK = YES;
				CLANG_WARN_BLOCK_CAPTURE_AUTORELEASING = YES;
				CLANG_WARN_BOOL_CONVERSION = YES;
				CLANG_WARN_COMMA = YES;
				CLANG_WARN_CONSTANT_CONVERSION = YES;
				CLANG_WARN_DEPRECATED_OBJC_IMPLEMENTATIONS = YES;
				CLANG_WARN_DIRECT_OBJC_ISA_USAGE = YES_ERROR;
				CLANG_WARN_DOCUMENTATION_COMMENTS = YES;
				CLANG_WARN_EMPTY_BODY = YES;
				CLANG_WARN_ENUM_CONVERSION = YES;
				CLANG_WARN_INFINITE_RECURSION = YES;
				CLANG_WARN_INT_CONVERSION = YES;
				CLANG_WARN_NON_LITERAL_NULL_CONVERSION = YES;
				CLANG_WARN_OBJC_IMPLICIT_RETAIN_SELF = YES;
				CLANG_WARN_OBJC_LITERAL_CONVERSION = YES;
				CLANG_WARN_OBJC_ROOT_CLASS = YES_ERROR;
				CLANG_WARN_QUOTED_INCLUDE_IN_FRAMEWORK_HEADER = YES;
				CLANG_WARN_RANGE_LOOP_ANALYSIS = YES;
				CLANG_WARN_STRICT_PROTOTYPES = YES;
				CLANG_WARN_SUSPICIOUS_MOVE = YES;
				CLANG_WARN_UNGUARDED_AVAILABILITY = YES_AGGRESSIVE;
				CLANG_WARN_UNREACHABLE_CODE = YES;
				CLANG_WARN__DUPLICATE_METHOD_MATCH = YES;
				COPY_PHASE_STRIP = NO;
				DEBUG_INFORMATION_FORMAT = dwarf;
				ENABLE_STRICT_OBJC_MSGSEND = YES;
				ENABLE_TESTABILITY = YES;
				GCC_C_LANGUAGE_STANDARD = gnu11;
				GCC_DYNAMIC_NO_PIC = NO;
				GCC_NO_COMMON_BLOCKS = YES;
				GCC_OPTIMIZATION_LEVEL = 0;
				GCC_PREPROCESSOR_DEFINITIONS = (
					"DEBUG=1",
					"$(inherited)",
				);
				GCC_WARN_64_TO_32_BIT_CONVERSION = YES;
				GCC_WARN_ABOUT_RETURN_TYPE = YES_ERROR;
				GCC_WARN_UNDECLARED_SELECTOR = YES;
				GCC_WARN_UNINITIALIZED_AUTOS = YES_AGGRESSIVE;
				GCC_WARN_UNUSED_FUNCTION = YES;
				GCC_WARN_UNUSED_VARIABLE = YES;
				IPHONEOS_DEPLOYMENT_TARGET = 16.4;
				MTL_ENABLE_DEBUG_INFO = INCLUDE_SOURCE;
				MTL_FAST_MATH = YES;
				ONLY_ACTIVE_ARCH = YES;
				SDKROOT = iphoneos;
				SWIFT_ACTIVE_COMPILATION_CONDITIONS = DEBUG;
				SWIFT_OPTIMIZATION_LEVEL = "-Onone";
			};
			name = Debug;
		};
		2EE0810C2A1514DD00847919 /* Release */ = {
			isa = XCBuildConfiguration;
			buildSettings = {
				ALWAYS_SEARCH_USER_PATHS = NO;
				CLANG_ANALYZER_NONNULL = YES;
				CLANG_ANALYZER_NUMBER_OBJECT_CONVERSION = YES_AGGRESSIVE;
				CLANG_CXX_LANGUAGE_STANDARD = "gnu++20";
				CLANG_ENABLE_MODULES = YES;
				CLANG_ENABLE_OBJC_ARC = YES;
				CLANG_ENABLE_OBJC_WEAK = YES;
				CLANG_WARN_BLOCK_CAPTURE_AUTORELEASING = YES;
				CLANG_WARN_BOOL_CONVERSION = YES;
				CLANG_WARN_COMMA = YES;
				CLANG_WARN_CONSTANT_CONVERSION = YES;
				CLANG_WARN_DEPRECATED_OBJC_IMPLEMENTATIONS = YES;
				CLANG_WARN_DIRECT_OBJC_ISA_USAGE = YES_ERROR;
				CLANG_WARN_DOCUMENTATION_COMMENTS = YES;
				CLANG_WARN_EMPTY_BODY = YES;
				CLANG_WARN_ENUM_CONVERSION = YES;
				CLANG_WARN_INFINITE_RECURSION = YES;
				CLANG_WARN_INT_CONVERSION = YES;
				CLANG_WARN_NON_LITERAL_NULL_CONVERSION = YES;
				CLANG_WARN_OBJC_IMPLICIT_RETAIN_SELF = YES;
				CLANG_WARN_OBJC_LITERAL_CONVERSION = YES;
				CLANG_WARN_OBJC_ROOT_CLASS = YES_ERROR;
				CLANG_WARN_QUOTED_INCLUDE_IN_FRAMEWORK_HEADER = YES;
				CLANG_WARN_RANGE_LOOP_ANALYSIS = YES;
				CLANG_WARN_STRICT_PROTOTYPES = YES;
				CLANG_WARN_SUSPICIOUS_MOVE = YES;
				CLANG_WARN_UNGUARDED_AVAILABILITY = YES_AGGRESSIVE;
				CLANG_WARN_UNREACHABLE_CODE = YES;
				CLANG_WARN__DUPLICATE_METHOD_MATCH = YES;
				COPY_PHASE_STRIP = NO;
				DEBUG_INFORMATION_FORMAT = "dwarf-with-dsym";
				ENABLE_NS_ASSERTIONS = NO;
				ENABLE_STRICT_OBJC_MSGSEND = YES;
				GCC_C_LANGUAGE_STANDARD = gnu11;
				GCC_NO_COMMON_BLOCKS = YES;
				GCC_WARN_64_TO_32_BIT_CONVERSION = YES;
				GCC_WARN_ABOUT_RETURN_TYPE = YES_ERROR;
				GCC_WARN_UNDECLARED_SELECTOR = YES;
				GCC_WARN_UNINITIALIZED_AUTOS = YES_AGGRESSIVE;
				GCC_WARN_UNUSED_FUNCTION = YES;
				GCC_WARN_UNUSED_VARIABLE = YES;
				IPHONEOS_DEPLOYMENT_TARGET = 16.4;
				MTL_ENABLE_DEBUG_INFO = NO;
				MTL_FAST_MATH = YES;
				SDKROOT = iphoneos;
				SWIFT_COMPILATION_MODE = wholemodule;
				SWIFT_OPTIMIZATION_LEVEL = "-O";
				VALIDATE_PRODUCT = YES;
			};
			name = Release;
		};
		2EE0810E2A1514DD00847919 /* Debug */ = {
			isa = XCBuildConfiguration;
			buildSettings = {
				ASSETCATALOG_COMPILER_APPICON_NAME = AppIcon;
				ASSETCATALOG_COMPILER_GLOBAL_ACCENT_COLOR_NAME = AccentColor;
				CODE_SIGN_STYLE = Automatic;
				CURRENT_PROJECT_VERSION = 1;
				DEVELOPMENT_ASSET_PATHS = "\"firebase-auth/Preview Content\"";
				DEVELOPMENT_TEAM = NH9U89BPWK;
				ENABLE_PREVIEWS = YES;
				GENERATE_INFOPLIST_FILE = YES;
				INFOPLIST_FILE = "firebase-auth/Info.plist";
				INFOPLIST_KEY_UIApplicationSceneManifest_Generation = YES;
				INFOPLIST_KEY_UIApplicationSupportsIndirectInputEvents = YES;
				INFOPLIST_KEY_UILaunchScreen_Generation = YES;
				INFOPLIST_KEY_UISupportedInterfaceOrientations_iPad = "UIInterfaceOrientationPortrait UIInterfaceOrientationPortraitUpsideDown UIInterfaceOrientationLandscapeLeft UIInterfaceOrientationLandscapeRight";
				INFOPLIST_KEY_UISupportedInterfaceOrientations_iPhone = "UIInterfaceOrientationPortrait UIInterfaceOrientationLandscapeLeft UIInterfaceOrientationLandscapeRight";
				LD_RUNPATH_SEARCH_PATHS = (
					"$(inherited)",
					"@executable_path/Frameworks",
				);
				MARKETING_VERSION = 1.0;
				PRODUCT_BUNDLE_IDENTIFIER = "com.irfanizudin.firebase-auth";
				PRODUCT_NAME = "$(TARGET_NAME)";
				SWIFT_EMIT_LOC_STRINGS = YES;
				SWIFT_VERSION = 5.0;
				TARGETED_DEVICE_FAMILY = "1,2";
			};
			name = Debug;
		};
		2EE0810F2A1514DD00847919 /* Release */ = {
			isa = XCBuildConfiguration;
			buildSettings = {
				ASSETCATALOG_COMPILER_APPICON_NAME = AppIcon;
				ASSETCATALOG_COMPILER_GLOBAL_ACCENT_COLOR_NAME = AccentColor;
				CODE_SIGN_STYLE = Automatic;
				CURRENT_PROJECT_VERSION = 1;
				DEVELOPMENT_ASSET_PATHS = "\"firebase-auth/Preview Content\"";
				DEVELOPMENT_TEAM = NH9U89BPWK;
				ENABLE_PREVIEWS = YES;
				GENERATE_INFOPLIST_FILE = YES;
				INFOPLIST_FILE = "firebase-auth/Info.plist";
				INFOPLIST_KEY_UIApplicationSceneManifest_Generation = YES;
				INFOPLIST_KEY_UIApplicationSupportsIndirectInputEvents = YES;
				INFOPLIST_KEY_UILaunchScreen_Generation = YES;
				INFOPLIST_KEY_UISupportedInterfaceOrientations_iPad = "UIInterfaceOrientationPortrait UIInterfaceOrientationPortraitUpsideDown UIInterfaceOrientationLandscapeLeft UIInterfaceOrientationLandscapeRight";
				INFOPLIST_KEY_UISupportedInterfaceOrientations_iPhone = "UIInterfaceOrientationPortrait UIInterfaceOrientationLandscapeLeft UIInterfaceOrientationLandscapeRight";
				LD_RUNPATH_SEARCH_PATHS = (
					"$(inherited)",
					"@executable_path/Frameworks",
				);
				MARKETING_VERSION = 1.0;
				PRODUCT_BUNDLE_IDENTIFIER = "com.irfanizudin.firebase-auth";
				PRODUCT_NAME = "$(TARGET_NAME)";
				SWIFT_EMIT_LOC_STRINGS = YES;
				SWIFT_VERSION = 5.0;
				TARGETED_DEVICE_FAMILY = "1,2";
			};
			name = Release;
		};
/* End XCBuildConfiguration section */

/* Begin XCConfigurationList section */
		2EE080FA2A1514DC00847919 /* Build configuration list for PBXProject "firebase-auth" */ = {
			isa = XCConfigurationList;
			buildConfigurations = (
				2EE0810B2A1514DD00847919 /* Debug */,
				2EE0810C2A1514DD00847919 /* Release */,
			);
			defaultConfigurationIsVisible = 0;
			defaultConfigurationName = Release;
		};
		2EE0810D2A1514DD00847919 /* Build configuration list for PBXNativeTarget "firebase-auth" */ = {
			isa = XCConfigurationList;
			buildConfigurations = (
				2EE0810E2A1514DD00847919 /* Debug */,
				2EE0810F2A1514DD00847919 /* Release */,
			);
			defaultConfigurationIsVisible = 0;
			defaultConfigurationName = Release;
		};
/* End XCConfigurationList section */

/* Begin XCRemoteSwiftPackageReference section */
		2EE081102A15201B00847919 /* XCRemoteSwiftPackageReference "firebase-ios-sdk" */ = {
			isa = XCRemoteSwiftPackageReference;
			repositoryURL = "https://github.com/firebase/firebase-ios-sdk";
			requirement = {
				kind = upToNextMajorVersion;
				minimumVersion = 10.0.0;
			};
		};
		2EE081132A15209F00847919 /* XCRemoteSwiftPackageReference "GoogleSignIn-iOS" */ = {
			isa = XCRemoteSwiftPackageReference;
			repositoryURL = "https://github.com/google/GoogleSignIn-iOS";
			requirement = {
				kind = upToNextMajorVersion;
				minimumVersion = 7.0.0;
			};
		};
/* End XCRemoteSwiftPackageReference section */

/* Begin XCSwiftPackageProductDependency section */
		2EE081112A15201B00847919 /* FirebaseAuth */ = {
			isa = XCSwiftPackageProductDependency;
			package = 2EE081102A15201B00847919 /* XCRemoteSwiftPackageReference "firebase-ios-sdk" */;
			productName = FirebaseAuth;
		};
		2EE081142A15209F00847919 /* GoogleSignIn */ = {
			isa = XCSwiftPackageProductDependency;
			package = 2EE081132A15209F00847919 /* XCRemoteSwiftPackageReference "GoogleSignIn-iOS" */;
			productName = GoogleSignIn;
		};
		2EE081162A15209F00847919 /* GoogleSignInSwift */ = {
			isa = XCSwiftPackageProductDependency;
			package = 2EE081132A15209F00847919 /* XCRemoteSwiftPackageReference "GoogleSignIn-iOS" */;
			productName = GoogleSignInSwift;
		};
/* End XCSwiftPackageProductDependency section */
	};
	rootObject = 2EE080F72A1514DC00847919 /* Project object */;
}
